
Microsoft Visual Studio Solution File, Format Version 12.00
# Visual Studio Version 17
VisualStudioVersion = 17.0.31919.166
MinimumVisualStudioVersion = 10.0.40219.1
Project("{FAE04EC0-301F-11D3-BF4B-00C04F79EFBC}") = "WindowsFormsApp1", "WindowsFormsApp1\WindowsFormsApp1.csproj", "{AABB7C21-FB6F-4E89-AD6C-C3C6D8AE3A67}"
EndProject
Global
	GlobalSection(SolutionConfigurationPlatforms) = preSolution
		Debug|Any CPU = Debug|Any CPU
		Release|Any CPU = Release|Any CPU
	EndGlobalSection
	GlobalSection(ProjectConfigurationPlatforms) = postSolution
		{AABB7C21-FB6F-4E89-AD6C-C3C6D8AE3A67}.Debug|Any CPU.ActiveCfg = Debug|Any CPU
		{AABB7C21-FB6F-4E89-AD6C-C3C6D8AE3A67}.Debug|Any CPU.Build.0 = Debug|Any CPU
		{AABB7C21-FB6F-4E89-AD6C-C3C6D8AE3A67}.Release|Any CPU.ActiveCfg = Release|Any CPU
		{AABB7C21-FB6F-4E89-AD6C-C3C6D8AE3A67}.Release|Any CPU.Build.0 = Release|Any CPU
	EndGlobalSection
	GlobalSection(SolutionProperties) = preSolution
		HideSolutionNode = FALSE
	EndGlobalSection
	GlobalSection(ExtensibilityGlobals) = postSolution
		SolutionGuid = {95806535-52C6-4FCD-90CE-97676DE19195}
	EndGlobalSection
EndGlobal
